Microsoft Visual Studio Solution File, Format Version 11.00
# Visual Studio 2008

Project("{AC447C1C-45BF-0A61-56EF-03FA1C6361FB}") = "RunnersDecomp-master", "Assembly-CSharp-firstpass-vs.csproj", "{1863C17C-2749-F62C-5EFE-E27E4C2C5C43}"
EndProject
Project("{AC447C1C-45BF-0A61-56EF-03FA1C6361FB}") = "RunnersDecomp-master", "Assembly-CSharp-vs.csproj", "{721CEA99-526B-144A-630F-180F32B41793}"
EndProject
Project("{AC447C1C-45BF-0A61-56EF-03FA1C6361FB}") = "RunnersDecomp-master", "Assembly-CSharp-Editor-vs.csproj", "{BEBA37D7-4D69-186A-4C7A-EDD5C262DA4C}"
EndProject
Global
	GlobalSection(SolutionConfigurationPlatforms) = preSolution
		Debug|Any CPU = Debug|Any CPU
		Release|Any CPU = Release|Any CPU
	EndGlobalSection
	GlobalSection(ProjectConfigurationPlatforms) = postSolution
		{1863C17C-2749-F62C-5EFE-E27E4C2C5C43}.Debug|Any CPU.ActiveCfg = Debug|Any CPU
		{1863C17C-2749-F62C-5EFE-E27E4C2C5C43}.Debug|Any CPU.Build.0 = Debug|Any CPU
		{1863C17C-2749-F62C-5EFE-E27E4C2C5C43}.Release|Any CPU.ActiveCfg = Release|Any CPU
		{1863C17C-2749-F62C-5EFE-E27E4C2C5C43}.Release|Any CPU.Build.0 = Release|Any CPU
		{721CEA99-526B-144A-630F-180F32B41793}.Debug|Any CPU.ActiveCfg = Debug|Any CPU
		{721CEA99-526B-144A-630F-180F32B41793}.Debug|Any CPU.Build.0 = Debug|Any CPU
		{721CEA99-526B-144A-630F-180F32B41793}.Release|Any CPU.ActiveCfg = Release|Any CPU
		{721CEA99-526B-144A-630F-180F32B41793}.Release|Any CPU.Build.0 = Release|Any CPU
		{BEBA37D7-4D69-186A-4C7A-EDD5C262DA4C}.Debug|Any CPU.ActiveCfg = Debug|Any CPU
		{BEBA37D7-4D69-186A-4C7A-EDD5C262DA4C}.Debug|Any CPU.Build.0 = Debug|Any CPU
		{BEBA37D7-4D69-186A-4C7A-EDD5C262DA4C}.Release|Any CPU.ActiveCfg = Release|Any CPU
		{BEBA37D7-4D69-186A-4C7A-EDD5C262DA4C}.Release|Any CPU.Build.0 = Release|Any CPU
	EndGlobalSection
	GlobalSection(SolutionProperties) = preSolution
		HideSolutionNode = FALSE
	EndGlobalSection
		GlobalSection(MonoDevelopProperties) = preSolution
		StartupItem = Assembly-CSharp.csproj
		Policies = $0
		$0.TextStylePolicy = $1
		$1.inheritsSet = null
		$1.scope = text/x-csharp
		$0.CSharpFormattingPolicy = $2
		$2.inheritsSet = Mono
		$2.inheritsScope = text/x-csharp
		$2.scope = text/x-csharp
		$0.TextStylePolicy = $3
		$3.FileWidth = 120
		$3.TabWidth = 4
		$3.IndentWidth = 4
		$3.EolMarker = Unix
		$3.inheritsSet = Mono
		$3.inheritsScope = text/plain
		$3.scope = text/plain
	EndGlobalSection

EndGlobal
